
Microsoft Visual Studio Solution File, Format Version 12.00
Project("{FAE04EC0-301F-11D3-BF4B-00C04F79EFBC}") = "TableConverter.Api", "TableConverter.Api\TableConverter.Api.csproj", "{78526174-6FBE-4812-908D-EEA1C3EA9304}"
EndProject
Project("{FAE04EC0-301F-11D3-BF4B-00C04F79EFBC}") = "TableConverter.Service", "TableConverter.Service\TableConverter.Service.csproj", "{11A1F035-8E6B-4663-A34C-FD39243531D4}"
EndProject
Global
	GlobalSection(SolutionConfigurationPlatforms) = preSolution
		Debug|Any CPU = Debug|Any CPU
		Release|Any CPU = Release|Any CPU
	EndGlobalSection
	GlobalSection(ProjectConfigurationPlatforms) = postSolution
		{78526174-6FBE-4812-908D-EEA1C3EA9304}.Debug|Any CPU.ActiveCfg = Debug|Any CPU
		{78526174-6FBE-4812-908D-EEA1C3EA9304}.Debug|Any CPU.Build.0 = Debug|Any CPU
		{78526174-6FBE-4812-908D-EEA1C3EA9304}.Release|Any CPU.ActiveCfg = Release|Any CPU
		{78526174-6FBE-4812-908D-EEA1C3EA9304}.Release|Any CPU.Build.0 = Release|Any CPU
		{11A1F035-8E6B-4663-A34C-FD39243531D4}.Debug|Any CPU.ActiveCfg = Debug|Any CPU
		{11A1F035-8E6B-4663-A34C-FD39243531D4}.Debug|Any CPU.Build.0 = Debug|Any CPU
		{11A1F035-8E6B-4663-A34C-FD39243531D4}.Release|Any CPU.ActiveCfg = Release|Any CPU
		{11A1F035-8E6B-4663-A34C-FD39243531D4}.Release|Any CPU.Build.0 = Release|Any CPU
	EndGlobalSection
EndGlobal
